// !$*UTF8*$!
{
	archiveVersion = 1;
	classes = {
	};
	objectVersion = 46;
	objects = {

/* Begin PBXBuildFile section */
		843266371AB04E1B008C7092 /* SecurityQuestionTableViewController.m in Sources */ = {isa = PBXBuildFile; fileRef = 843266361AB04E1B008C7092 /* SecurityQuestionTableViewController.m */; };
		843266381AB04E1B008C7092 /* SecurityQuestionTableViewController.m in Sources */ = {isa = PBXBuildFile; fileRef = 843266361AB04E1B008C7092 /* SecurityQuestionTableViewController.m */; };
		84329C5C1AB07A0300569AAF /* PackageSelectionTableViewController.m in Sources */ = {isa = PBXBuildFile; fileRef = 84329C5B1AB07A0300569AAF /* PackageSelectionTableViewController.m */; };
		84329C5D1AB07A0300569AAF /* PackageSelectionTableViewController.m in Sources */ = {isa = PBXBuildFile; fileRef = 84329C5B1AB07A0300569AAF /* PackageSelectionTableViewController.m */; };
		843B97231AB969B400082213 /* CountriesLangISDSampleNumber.plist in Resources */ = {isa = PBXBuildFile; fileRef = 843B97221AB969B400082213 /* CountriesLangISDSampleNumber.plist */; };
		843B97241AB969B400082213 /* CountriesLangISDSampleNumber.plist in Resources */ = {isa = PBXBuildFile; fileRef = 843B97221AB969B400082213 /* CountriesLangISDSampleNumber.plist */; };
		84C22D961AA6E02200D084B2 /* main.m in Sources */ = {isa = PBXBuildFile; fileRef = 84C22D951AA6E02200D084B2 /* main.m */; };
		84C22D991AA6E02200D084B2 /* AppDelegate.m in Sources */ = {isa = PBXBuildFile; fileRef = 84C22D981AA6E02200D084B2 /* AppDelegate.m */; };
		84C22D9F1AA6E02200D084B2 /* Main.storyboard in Resources */ = {isa = PBXBuildFile; fileRef = 84C22D9D1AA6E02200D084B2 /* Main.storyboard */; };
		84C22DA11AA6E02200D084B2 /* Images.xcassets in Resources */ = {isa = PBXBuildFile; fileRef = 84C22DA01AA6E02200D084B2 /* Images.xcassets */; };
		84C22DA41AA6E02200D084B2 /* LaunchScreen.xib in Resources */ = {isa = PBXBuildFile; fileRef = 84C22DA21AA6E02200D084B2 /* LaunchScreen.xib */; };
		84C22DB01AA6E02300D084B2 /* OpenRegistrationTests.m in Sources */ = {isa = PBXBuildFile; fileRef = 84C22DAF1AA6E02300D084B2 /* OpenRegistrationTests.m */; };
		84C22DBA1AA6E46700D084B2 /* splash.jpg in Resources */ = {isa = PBXBuildFile; fileRef = 84C22DB91AA6E46600D084B2 /* splash.jpg */; };
		84C22DD61AADD0C700D084B2 /* NetworkHelper.m in Sources */ = {isa = PBXBuildFile; fileRef = 84C22DD31AADD0C700D084B2 /* NetworkHelper.m */; };
		84C22DD71AADD0C700D084B2 /* NetworkHelper.m in Sources */ = {isa = PBXBuildFile; fileRef = 84C22DD31AADD0C700D084B2 /* NetworkHelper.m */; };
		84C22DD81AADD0C700D084B2 /* Utils.m in Sources */ = {isa = PBXBuildFile; fileRef = 84C22DD51AADD0C700D084B2 /* Utils.m */; };
		84C22DD91AADD0C700D084B2 /* Utils.m in Sources */ = {isa = PBXBuildFile; fileRef = 84C22DD51AADD0C700D084B2 /* Utils.m */; };
		84C22DDE1AADD0DD00D084B2 /* OrganizationListTableViewController.m in Sources */ = {isa = PBXBuildFile; fileRef = 84C22DDB1AADD0DD00D084B2 /* OrganizationListTableViewController.m */; };
		84C22DDF1AADD0DD00D084B2 /* OrganizationListTableViewController.m in Sources */ = {isa = PBXBuildFile; fileRef = 84C22DDB1AADD0DD00D084B2 /* OrganizationListTableViewController.m */; };
		84C22DE01AADD0DD00D084B2 /* SearchOrganizationViewController.m in Sources */ = {isa = PBXBuildFile; fileRef = 84C22DDD1AADD0DD00D084B2 /* SearchOrganizationViewController.m */; };
		84C22DE11AADD0DD00D084B2 /* SearchOrganizationViewController.m in Sources */ = {isa = PBXBuildFile; fileRef = 84C22DDD1AADD0DD00D084B2 /* SearchOrganizationViewController.m */; };
		84C22DE31AADD0ED00D084B2 /* NetworkProperties.plist in Resources */ = {isa = PBXBuildFile; fileRef = 84C22DE21AADD0ED00D084B2 /* NetworkProperties.plist */; };
		84C22DE41AADD0ED00D084B2 /* NetworkProperties.plist in Resources */ = {isa = PBXBuildFile; fileRef = 84C22DE21AADD0ED00D084B2 /* NetworkProperties.plist */; };
		84C22DF21AADD95400D084B2 /* UserInfoTableViewController.m in Sources */ = {isa = PBXBuildFile; fileRef = 84C22DF11AADD95400D084B2 /* UserInfoTableViewController.m */; };
		84C22DF31AADD95400D084B2 /* UserInfoTableViewController.m in Sources */ = {isa = PBXBuildFile; fileRef = 84C22DF11AADD95400D084B2 /* UserInfoTableViewController.m */; };
		84C22DF61AAF2F5600D084B2 /* CredentialsTableViewController.m in Sources */ = {isa = PBXBuildFile; fileRef = 84C22DF51AAF2F5600D084B2 /* CredentialsTableViewController.m */; };
		84C22DF71AAF2F5600D084B2 /* CredentialsTableViewController.m in Sources */ = {isa = PBXBuildFile; fileRef = 84C22DF51AAF2F5600D084B2 /* CredentialsTableViewController.m */; };
/* End PBXBuildFile section */

/* Begin PBXContainerItemProxy section */
		84C22DAA1AA6E02200D084B2 /* PBXContainerItemProxy */ = {
			isa = PBXContainerItemProxy;
			containerPortal = 84C22D881AA6E02200D084B2 /* Project object */;
			proxyType = 1;
			remoteGlobalIDString = 84C22D8F1AA6E02200D084B2;
			remoteInfo = OpenRegistration;
		};
/* End PBXContainerItemProxy section */

/* Begin PBXFileReference section */
		843266351AB04E1B008C7092 /* SecurityQuestionTableViewController.h */ = {isa = PBXFileReference; fileEncoding = 4; lastKnownFileType = sourcecode.c.h; name = SecurityQuestionTableViewController.h; path = ViewController/SecurityQuestionTableViewController.h; sourceTree = "<group>"; };
		843266361AB04E1B008C7092 /* SecurityQuestionTableViewController.m */ = {isa = PBXFileReference; fileEncoding = 4; lastKnownFileType = sourcecode.c.objc; name = SecurityQuestionTableViewController.m; path = ViewController/SecurityQuestionTableViewController.m; sourceTree = "<group>"; };
		84329C5A1AB07A0300569AAF /* PackageSelectionTableViewController.h */ = {isa = PBXFileReference; fileEncoding = 4; lastKnownFileType = sourcecode.c.h; name = PackageSelectionTableViewController.h; path = ViewController/PackageSelectionTableViewController.h; sourceTree = "<group>"; };
		84329C5B1AB07A0300569AAF /* PackageSelectionTableViewController.m */ = {isa = PBXFileReference; fileEncoding = 4; lastKnownFileType = sourcecode.c.objc; name = PackageSelectionTableViewController.m; path = ViewController/PackageSelectionTableViewController.m; sourceTree = "<group>"; };
		843B97221AB969B400082213 /* CountriesLangISDSampleNumber.plist */ = {isa = PBXFileReference; fileEncoding = 4; lastKnownFileType = text.plist.xml; path = CountriesLangISDSampleNumber.plist; sourceTree = "<group>"; };
		84C22D901AA6E02200D084B2 /* OpenRegistration.app */ = {isa = PBXFileReference; explicitFileType = wrapper.application; includeInIndex = 0; path = OpenRegistration.app; sourceTree = BUILT_PRODUCTS_DIR; };
		84C22D941AA6E02200D084B2 /* Info.plist */ = {isa = PBXFileReference; lastKnownFileType = text.plist.xml; path = Info.plist; sourceTree = "<group>"; };
		84C22D951AA6E02200D084B2 /* main.m */ = {isa = PBXFileReference; lastKnownFileType = sourcecode.c.objc; path = main.m; sourceTree = "<group>"; };
		84C22D971AA6E02200D084B2 /* AppDelegate.h */ = {isa = PBXFileReference; lastKnownFileType = sourcecode.c.h; path = AppDelegate.h; sourceTree = "<group>"; };
		84C22D981AA6E02200D084B2 /* AppDelegate.m */ = {isa = PBXFileReference; lastKnownFileType = sourcecode.c.objc; path = AppDelegate.m; sourceTree = "<group>"; };
		84C22D9E1AA6E02200D084B2 /* Base */ = {isa = PBXFileReference; lastKnownFileType = file.storyboard; name = Base; path = Base.lproj/Main.storyboard; sourceTree = "<group>"; };
		84C22DA01AA6E02200D084B2 /* Images.xcassets */ = {isa = PBXFileReference; lastKnownFileType = folder.assetcatalog; path = Images.xcassets; sourceTree = "<group>"; };
		84C22DA31AA6E02200D084B2 /* Base */ = {isa = PBXFileReference; lastKnownFileType = file.xib; name = Base; path = Base.lproj/LaunchScreen.xib; sourceTree = "<group>"; };
		84C22DA91AA6E02200D084B2 /* OpenRegistrationTests.xctest */ = {isa = PBXFileReference; explicitFileType = wrapper.cfbundle; includeInIndex = 0; path = OpenRegistrationTests.xctest; sourceTree = BUILT_PRODUCTS_DIR; };
		84C22DAE1AA6E02200D084B2 /* Info.plist */ = {isa = PBXFileReference; lastKnownFileType = text.plist.xml; path = Info.plist; sourceTree = "<group>"; };
		84C22DAF1AA6E02300D084B2 /* OpenRegistrationTests.m */ = {isa = PBXFileReference; lastKnownFileType = sourcecode.c.objc; path = OpenRegistrationTests.m; sourceTree = "<group>"; };
		84C22DB91AA6E46600D084B2 /* splash.jpg */ = {isa = PBXFileReference; lastKnownFileType = image.jpeg; path = splash.jpg; sourceTree = "<group>"; };
		84C22DD21AADD0C700D084B2 /* NetworkHelper.h */ = {isa = PBXFileReference; fileEncoding = 4; lastKnownFileType = sourcecode.c.h; name = NetworkHelper.h; path = Utility/NetworkHelper.h; sourceTree = "<group>"; };
		84C22DD31AADD0C700D084B2 /* NetworkHelper.m */ = {isa = PBXFileReference; fileEncoding = 4; lastKnownFileType = sourcecode.c.objc; name = NetworkHelper.m; path = Utility/NetworkHelper.m; sourceTree = "<group>"; };
		84C22DD41AADD0C700D084B2 /* Utils.h */ = {isa = PBXFileReference; fileEncoding = 4; lastKnownFileType = sourcecode.c.h; name = Utils.h; path = Utility/Utils.h; sourceTree = "<group>"; };
		84C22DD51AADD0C700D084B2 /* Utils.m */ = {isa = PBXFileReference; fileEncoding = 4; lastKnownFileType = sourcecode.c.objc; name = Utils.m; path = Utility/Utils.m; sourceTree = "<group>"; };
		84C22DDA1AADD0DD00D084B2 /* OrganizationListTableViewController.h */ = {isa = PBXFileReference; fileEncoding = 4; lastKnownFileType = sourcecode.c.h; name = OrganizationListTableViewController.h; path = ViewController/OrganizationListTableViewController.h; sourceTree = "<group>"; };
		84C22DDB1AADD0DD00D084B2 /* OrganizationListTableViewController.m */ = {isa = PBXFileReference; fileEncoding = 4; lastKnownFileType = sourcecode.c.objc; name = OrganizationListTableViewController.m; path = ViewController/OrganizationListTableViewController.m; sourceTree = "<group>"; };
		84C22DDC1AADD0DD00D084B2 /* SearchOrganizationViewController.h */ = {isa = PBXFileReference; fileEncoding = 4; lastKnownFileType = sourcecode.c.h; name = SearchOrganizationViewController.h; path = ViewController/SearchOrganizationViewController.h; sourceTree = "<group>"; };
		84C22DDD1AADD0DD00D084B2 /* SearchOrganizationViewController.m */ = {isa = PBXFileReference; fileEncoding = 4; lastKnownFileType = sourcecode.c.objc; name = SearchOrganizationViewController.m; path = ViewController/SearchOrganizationViewController.m; sourceTree = "<group>"; };
		84C22DE21AADD0ED00D084B2 /* NetworkProperties.plist */ = {isa = PBXFileReference; fileEncoding = 4; lastKnownFileType = text.plist.xml; path = NetworkProperties.plist; sourceTree = "<group>"; };
		84C22DF01AADD95400D084B2 /* UserInfoTableViewController.h */ = {isa = PBXFileReference; fileEncoding = 4; lastKnownFileType = sourcecode.c.h; name = UserInfoTableViewController.h; path = ViewController/UserInfoTableViewController.h; sourceTree = "<group>"; };
		84C22DF11AADD95400D084B2 /* UserInfoTableViewController.m */ = {isa = PBXFileReference; fileEncoding = 4; lastKnownFileType = sourcecode.c.objc; name = UserInfoTableViewController.m; path = ViewController/UserInfoTableViewController.m; sourceTree = "<group>"; };
		84C22DF41AAF2F5600D084B2 /* CredentialsTableViewController.h */ = {isa = PBXFileReference; fileEncoding = 4; lastKnownFileType = sourcecode.c.h; name = CredentialsTableViewController.h; path = ViewController/CredentialsTableViewController.h; sourceTree = "<group>"; };
		84C22DF51AAF2F5600D084B2 /* CredentialsTableViewController.m */ = {isa = PBXFileReference; fileEncoding = 4; lastKnownFileType = sourcecode.c.objc; name = CredentialsTableViewController.m; path = ViewController/CredentialsTableViewController.m; sourceTree = "<group>"; };
/* End PBXFileReference section */

/* Begin PBXFrameworksBuildPhase section */
		84C22D8D1AA6E02200D084B2 /* Frameworks */ = {
			isa = PBXFrameworksBuildPhase;
			buildActionMask = 2147483647;
			files = (
			);
			runOnlyForDeploymentPostprocessing = 0;
		};
		84C22DA61AA6E02200D084B2 /* Frameworks */ = {
			isa = PBXFrameworksBuildPhase;
			buildActionMask = 2147483647;
			files = (
			);
			runOnlyForDeploymentPostprocessing = 0;
		};
/* End PBXFrameworksBuildPhase section */

/* Begin PBXGroup section */
		84C22D871AA6E02200D084B2 = {
			isa = PBXGroup;
			children = (
				84C22D921AA6E02200D084B2 /* OpenRegistration */,
				84C22DAC1AA6E02200D084B2 /* OpenRegistrationTests */,
				84C22D911AA6E02200D084B2 /* Products */,
			);
			sourceTree = "<group>";
		};
		84C22D911AA6E02200D084B2 /* Products */ = {
			isa = PBXGroup;
			children = (
				84C22D901AA6E02200D084B2 /* OpenRegistration.app */,
				84C22DA91AA6E02200D084B2 /* OpenRegistrationTests.xctest */,
			);
			name = Products;
			sourceTree = "<group>";
		};
		84C22D921AA6E02200D084B2 /* OpenRegistration */ = {
			isa = PBXGroup;
			children = (
				84C22DD11AADCF1600D084B2 /* Utility */,
				84C22DD01AADCEFB00D084B2 /* ViewController */,
				84C22D971AA6E02200D084B2 /* AppDelegate.h */,
				84C22D981AA6E02200D084B2 /* AppDelegate.m */,
				84C22D9D1AA6E02200D084B2 /* Main.storyboard */,
				84C22DA01AA6E02200D084B2 /* Images.xcassets */,
				84C22DA21AA6E02200D084B2 /* LaunchScreen.xib */,
				84C22D931AA6E02200D084B2 /* Supporting Files */,
			);
			path = OpenRegistration;
			sourceTree = "<group>";
		};
		84C22D931AA6E02200D084B2 /* Supporting Files */ = {
			isa = PBXGroup;
			children = (
				84C22DE21AADD0ED00D084B2 /* NetworkProperties.plist */,
				84C22DB91AA6E46600D084B2 /* splash.jpg */,
				84C22D941AA6E02200D084B2 /* Info.plist */,
				84C22D951AA6E02200D084B2 /* main.m */,
				843B97221AB969B400082213 /* CountriesLangISDSampleNumber.plist */,
			);
			name = "Supporting Files";
			sourceTree = "<group>";
		};
		84C22DAC1AA6E02200D084B2 /* OpenRegistrationTests */ = {
			isa = PBXGroup;
			children = (
				84C22DAF1AA6E02300D084B2 /* OpenRegistrationTests.m */,
				84C22DAD1AA6E02200D084B2 /* Supporting Files */,
			);
			path = OpenRegistrationTests;
			sourceTree = "<group>";
		};
		84C22DAD1AA6E02200D084B2 /* Supporting Files */ = {
			isa = PBXGroup;
			children = (
				84C22DAE1AA6E02200D084B2 /* Info.plist */,
			);
			name = "Supporting Files";
			sourceTree = "<group>";
		};
		84C22DD01AADCEFB00D084B2 /* ViewController */ = {
			isa = PBXGroup;
			children = (
				84329C5A1AB07A0300569AAF /* PackageSelectionTableViewController.h */,
				84329C5B1AB07A0300569AAF /* PackageSelectionTableViewController.m */,
				843266351AB04E1B008C7092 /* SecurityQuestionTableViewController.h */,
				843266361AB04E1B008C7092 /* SecurityQuestionTableViewController.m */,
				84C22DF41AAF2F5600D084B2 /* CredentialsTableViewController.h */,
				84C22DF51AAF2F5600D084B2 /* CredentialsTableViewController.m */,
				84C22DF01AADD95400D084B2 /* UserInfoTableViewController.h */,
				84C22DF11AADD95400D084B2 /* UserInfoTableViewController.m */,
				84C22DDA1AADD0DD00D084B2 /* OrganizationListTableViewController.h */,
				84C22DDB1AADD0DD00D084B2 /* OrganizationListTableViewController.m */,
				84C22DDC1AADD0DD00D084B2 /* SearchOrganizationViewController.h */,
				84C22DDD1AADD0DD00D084B2 /* SearchOrganizationViewController.m */,
			);
			name = ViewController;
			sourceTree = "<group>";
		};
		84C22DD11AADCF1600D084B2 /* Utility */ = {
			isa = PBXGroup;
			children = (
				84C22DD21AADD0C700D084B2 /* NetworkHelper.h */,
				84C22DD31AADD0C700D084B2 /* NetworkHelper.m */,
				84C22DD41AADD0C700D084B2 /* Utils.h */,
				84C22DD51AADD0C700D084B2 /* Utils.m */,
			);
			name = Utility;
			sourceTree = "<group>";
		};
/* End PBXGroup section */

/* Begin PBXNativeTarget section */
		84C22D8F1AA6E02200D084B2 /* OpenRegistration */ = {
			isa = PBXNativeTarget;
			buildConfigurationList = 84C22DB31AA6E02300D084B2 /* Build configuration list for PBXNativeTarget "OpenRegistration" */;
			buildPhases = (
				84C22D8C1AA6E02200D084B2 /* Sources */,
				84C22D8D1AA6E02200D084B2 /* Frameworks */,
				84C22D8E1AA6E02200D084B2 /* Resources */,
			);
			buildRules = (
			);
			dependencies = (
			);
			name = OpenRegistration;
			productName = OpenRegistration;
			productReference = 84C22D901AA6E02200D084B2 /* OpenRegistration.app */;
			productType = "com.apple.product-type.application";
		};
		84C22DA81AA6E02200D084B2 /* OpenRegistrationTests */ = {
			isa = PBXNativeTarget;
			buildConfigurationList = 84C22DB61AA6E02300D084B2 /* Build configuration list for PBXNativeTarget "OpenRegistrationTests" */;
			buildPhases = (
				84C22DA51AA6E02200D084B2 /* Sources */,
				84C22DA61AA6E02200D084B2 /* Frameworks */,
				84C22DA71AA6E02200D084B2 /* Resources */,
			);
			buildRules = (
			);
			dependencies = (
				84C22DAB1AA6E02200D084B2 /* PBXTargetDependency */,
			);
			name = OpenRegistrationTests;
			productName = OpenRegistrationTests;
			productReference = 84C22DA91AA6E02200D084B2 /* OpenRegistrationTests.xctest */;
			productType = "com.apple.product-type.bundle.unit-test";
		};
/* End PBXNativeTarget section */

/* Begin PBXProject section */
		84C22D881AA6E02200D084B2 /* Project object */ = {
			isa = PBXProject;
			attributes = {
				LastUpgradeCheck = 0610;
				ORGANIZATIONNAME = Covisint;
				TargetAttributes = {
					84C22D8F1AA6E02200D084B2 = {
						CreatedOnToolsVersion = 6.1.1;
					};
					84C22DA81AA6E02200D084B2 = {
						CreatedOnToolsVersion = 6.1.1;
						TestTargetID = 84C22D8F1AA6E02200D084B2;
					};
				};
			};
			buildConfigurationList = 84C22D8B1AA6E02200D084B2 /* Build configuration list for PBXProject "OpenRegistration" */;
			compatibilityVersion = "Xcode 3.2";
			developmentRegion = English;
			hasScannedForEncodings = 0;
			knownRegions = (
				en,
				Base,
			);
			mainGroup = 84C22D871AA6E02200D084B2;
			productRefGroup = 84C22D911AA6E02200D084B2 /* Products */;
			projectDirPath = "";
			projectRoot = "";
			targets = (
				84C22D8F1AA6E02200D084B2 /* OpenRegistration */,
				84C22DA81AA6E02200D084B2 /* OpenRegistrationTests */,
			);
		};
/* End PBXProject section */

/* Begin PBXResourcesBuildPhase section */
		84C22D8E1AA6E02200D084B2 /* Resources */ = {
			isa = PBXResourcesBuildPhase;
			buildActionMask = 2147483647;
			files = (
				84C22DBA1AA6E46700D084B2 /* splash.jpg in Resources */,
				84C22D9F1AA6E02200D084B2 /* Main.storyboard in Resources */,
				84C22DE31AADD0ED00D084B2 /* NetworkProperties.plist in Resources */,
				843B97231AB969B400082213 /* CountriesLangISDSampleNumber.plist in Resources */,
				84C22DA41AA6E02200D084B2 /* LaunchScreen.xib in Resources */,
				84C22DA11AA6E02200D084B2 /* Images.xcassets in Resources */,
			);
			runOnlyForDeploymentPostprocessing = 0;
		};
		84C22DA71AA6E02200D084B2 /* Resources */ = {
			isa = PBXResourcesBuildPhase;
			buildActionMask = 2147483647;
			files = (
				84C22DE41AADD0ED00D084B2 /* NetworkProperties.plist in Resources */,
				843B97241AB969B400082213 /* CountriesLangISDSampleNumber.plist in Resources */,
			);
			runOnlyForDeploymentPostprocessing = 0;
		};
/* End PBXResourcesBuildPhase section */

/* Begin PBXSourcesBuildPhase section */
		84C22D8C1AA6E02200D084B2 /* Sources */ = {
			isa = PBXSourcesBuildPhase;
			buildActionMask = 2147483647;
			files = (
				84C22DF61AAF2F5600D084B2 /* CredentialsTableViewController.m in Sources */,
				84C22DDE1AADD0DD00D084B2 /* OrganizationListTableViewController.m in Sources */,
				84C22D991AA6E02200D084B2 /* AppDelegate.m in Sources */,
				843266371AB04E1B008C7092 /* SecurityQuestionTableViewController.m in Sources */,
				84C22DD81AADD0C700D084B2 /* Utils.m in Sources */,
				84C22D961AA6E02200D084B2 /* main.m in Sources */,
				84C22DD61AADD0C700D084B2 /* NetworkHelper.m in Sources */,
				84329C5C1AB07A0300569AAF /* PackageSelectionTableViewController.m in Sources */,
				84C22DE01AADD0DD00D084B2 /* SearchOrganizationViewController.m in Sources */,
				84C22DF21AADD95400D084B2 /* UserInfoTableViewController.m in Sources */,
			);
			runOnlyForDeploymentPostprocessing = 0;
		};
		84C22DA51AA6E02200D084B2 /* Sources */ = {
			isa = PBXSourcesBuildPhase;
			buildActionMask = 2147483647;
			files = (
				84C22DE11AADD0DD00D084B2 /* SearchOrganizationViewController.m in Sources */,
				84C22DF71AAF2F5600D084B2 /* CredentialsTableViewController.m in Sources */,
				84C22DDF1AADD0DD00D084B2 /* OrganizationListTableViewController.m in Sources */,
				84C22DF31AADD95400D084B2 /* UserInfoTableViewController.m in Sources */,
				84329C5D1AB07A0300569AAF /* PackageSelectionTableViewController.m in Sources */,
				84C22DB01AA6E02300D084B2 /* OpenRegistrationTests.m in Sources */,
				84C22DD71AADD0C700D084B2 /* NetworkHelper.m in Sources */,
				84C22DD91AADD0C700D084B2 /* Utils.m in Sources */,
				843266381AB04E1B008C7092 /* SecurityQuestionTableViewController.m in Sources */,
			);
			runOnlyForDeploymentPostprocessing = 0;
		};
/* End PBXSourcesBuildPhase section */

/* Begin PBXTargetDependency section */
		84C22DAB1AA6E02200D084B2 /* PBXTargetDependency */ = {
			isa = PBXTargetDependency;
			target = 84C22D8F1AA6E02200D084B2 /* OpenRegistration */;
			targetProxy = 84C22DAA1AA6E02200D084B2 /* PBXContainerItemProxy */;
		};
/* End PBXTargetDependency section */

/* Begin PBXVariantGroup section */
		84C22D9D1AA6E02200D084B2 /* Main.storyboard */ = {
			isa = PBXVariantGroup;
			children = (
				84C22D9E1AA6E02200D084B2 /* Base */,
			);
			name = Main.storyboard;
			sourceTree = "<group>";
		};
		84C22DA21AA6E02200D084B2 /* LaunchScreen.xib */ = {
			isa = PBXVariantGroup;
			children = (
				84C22DA31AA6E02200D084B2 /* Base */,
			);
			name = LaunchScreen.xib;
			sourceTree = "<group>";
		};
/* End PBXVariantGroup section */

/* Begin XCBuildConfiguration section */
		84C22DB11AA6E02300D084B2 /* Debug */ = {
			isa = XCBuildConfiguration;
			buildSettings = {
				ALWAYS_SEARCH_USER_PATHS = NO;
				CLANG_CXX_LANGUAGE_STANDARD = "gnu++0x";
				CLANG_CXX_LIBRARY = "libc++";
				CLANG_ENABLE_MODULES = YES;
				CLANG_ENABLE_OBJC_ARC = YES;
				CLANG_WARN_BOOL_CONVERSION = YES;
				CLANG_WARN_CONSTANT_CONVERSION = YES;
				CLANG_WARN_DIRECT_OBJC_ISA_USAGE = YES_ERROR;
				CLANG_WARN_EMPTY_BODY = YES;
				CLANG_WARN_ENUM_CONVERSION = YES;
				CLANG_WARN_INT_CONVERSION = YES;
				CLANG_WARN_OBJC_ROOT_CLASS = YES_ERROR;
				CLANG_WARN_UNREACHABLE_CODE = YES;
				CLANG_WARN__DUPLICATE_METHOD_MATCH = YES;
				"CODE_SIGN_IDENTITY[sdk=iphoneos*]" = "iPhone Developer";
				COPY_PHASE_STRIP = NO;
				ENABLE_STRICT_OBJC_MSGSEND = YES;
				GCC_C_LANGUAGE_STANDARD = gnu99;
				GCC_DYNAMIC_NO_PIC = NO;
				GCC_OPTIMIZATION_LEVEL = 0;
				GCC_PREPROCESSOR_DEFINITIONS = (
					"DEBUG=1",
					"$(inherited)",
				);
				GCC_SYMBOLS_PRIVATE_EXTERN = NO;
				GCC_WARN_64_TO_32_BIT_CONVERSION = YES;
				GCC_WARN_ABOUT_RETURN_TYPE = YES_ERROR;
				GCC_WARN_UNDECLARED_SELECTOR = YES;
				GCC_WARN_UNINITIALIZED_AUTOS = YES_AGGRESSIVE;
				GCC_WARN_UNUSED_FUNCTION = YES;
				GCC_WARN_UNUSED_VARIABLE = YES;
				IPHONEOS_DEPLOYMENT_TARGET = 8.1;
				MTL_ENABLE_DEBUG_INFO = YES;
				ONLY_ACTIVE_ARCH = YES;
				SDKROOT = iphoneos;
				TARGETED_DEVICE_FAMILY = "1,2";
			};
			name = Debug;
		};
		84C22DB21AA6E02300D084B2 /* Release */ = {
			isa = XCBuildConfiguration;
			buildSettings = {
				ALWAYS_SEARCH_USER_PATHS = NO;
				CLANG_CXX_LANGUAGE_STANDARD = "gnu++0x";
				CLANG_CXX_LIBRARY = "libc++";
				CLANG_ENABLE_MODULES = YES;
				CLANG_ENABLE_OBJC_ARC = YES;
				CLANG_WARN_BOOL_CONVERSION = YES;
				CLANG_WARN_CONSTANT_CONVERSION = YES;
				CLANG_WARN_DIRECT_OBJC_ISA_USAGE = YES_ERROR;
				CLANG_WARN_EMPTY_BODY = YES;
				CLANG_WARN_ENUM_CONVERSION = YES;
				CLANG_WARN_INT_CONVERSION = YES;
				CLANG_WARN_OBJC_ROOT_CLASS = YES_ERROR;
				CLANG_WARN_UNREACHABLE_CODE = YES;
				CLANG_WARN__DUPLICATE_METHOD_MATCH = YES;
				"CODE_SIGN_IDENTITY[sdk=iphoneos*]" = "iPhone Developer";
				COPY_PHASE_STRIP = YES;
				ENABLE_NS_ASSERTIONS = NO;
				ENABLE_STRICT_OBJC_MSGSEND = YES;
				GCC_C_LANGUAGE_STANDARD = gnu99;
				GCC_WARN_64_TO_32_BIT_CONVERSION = YES;
				GCC_WARN_ABOUT_RETURN_TYPE = YES_ERROR;
				GCC_WARN_UNDECLARED_SELECTOR = YES;
				GCC_WARN_UNINITIALIZED_AUTOS = YES_AGGRESSIVE;
				GCC_WARN_UNUSED_FUNCTION = YES;
				GCC_WARN_UNUSED_VARIABLE = YES;
				IPHONEOS_DEPLOYMENT_TARGET = 8.1;
				MTL_ENABLE_DEBUG_INFO = NO;
				SDKROOT = iphoneos;
				TARGETED_DEVICE_FAMILY = "1,2";
				VALIDATE_PRODUCT = YES;
			};
			name = Release;
		};
		84C22DB41AA6E02300D084B2 /* Debug */ = {
			isa = XCBuildConfiguration;
			buildSettings = {
				ASSETCATALOG_COMPILER_APPICON_NAME = AppIcon;
				INFOPLIST_FILE = OpenRegistration/Info.plist;
				LD_RUNPATH_SEARCH_PATHS = "$(inherited) @executable_path/Frameworks";
				PRODUCT_NAME = "$(TARGET_NAME)";
			};
			name = Debug;
		};
		84C22DB51AA6E02300D084B2 /* Release */ = {
			isa = XCBuildConfiguration;
			buildSettings = {
				ASSETCATALOG_COMPILER_APPICON_NAME = AppIcon;
				INFOPLIST_FILE = OpenRegistration/Info.plist;
				LD_RUNPATH_SEARCH_PATHS = "$(inherited) @executable_path/Frameworks";
				PRODUCT_NAME = "$(TARGET_NAME)";
			};
			name = Release;
		};
		84C22DB71AA6E02300D084B2 /* Debug */ = {
			isa = XCBuildConfiguration;
			buildSettings = {
				BUNDLE_LOADER = "$(TEST_HOST)";
				FRAMEWORK_SEARCH_PATHS = (
					"$(SDKROOT)/Developer/Library/Frameworks",
					"$(inherited)",
				);
				GCC_PREPROCESSOR_DEFINITIONS = (
					"DEBUG=1",
					"$(inherited)",
				);
				INFOPLIST_FILE = OpenRegistrationTests/Info.plist;
				LD_RUNPATH_SEARCH_PATHS = "$(inherited) @executable_path/Frameworks @loader_path/Frameworks";
				PRODUCT_NAME = "$(TARGET_NAME)";
				TEST_HOST = "$(BUILT_PRODUCTS_DIR)/OpenRegistration.app/OpenRegistration";
			};
			name = Debug;
		};
		84C22DB81AA6E02300D084B2 /* Release */ = {
			isa = XCBuildConfiguration;
			buildSettings = {
				BUNDLE_LOADER = "$(TEST_HOST)";
				FRAMEWORK_SEARCH_PATHS = (
					"$(SDKROOT)/Developer/Library/Frameworks",
					"$(inherited)",
				);
				INFOPLIST_FILE = OpenRegistrationTests/Info.plist;
				LD_RUNPATH_SEARCH_PATHS = "$(inherited) @executable_path/Frameworks @loader_path/Frameworks";
				PRODUCT_NAME = "$(TARGET_NAME)";
				TEST_HOST = "$(BUILT_PRODUCTS_DIR)/OpenRegistration.app/OpenRegistration";
			};
			name = Release;
		};
/* End XCBuildConfiguration section */

/* Begin XCConfigurationList section */
		84C22D8B1AA6E02200D084B2 /* Build configuration list for PBXProject "OpenRegistration" */ = {
			isa = XCConfigurationList;
			buildConfigurations = (
				84C22DB11AA6E02300D084B2 /* Debug */,
				84C22DB21AA6E02300D084B2 /* Release */,
			);
			defaultConfigurationIsVisible = 0;
			defaultConfigurationName = Release;
		};
		84C22DB31AA6E02300D084B2 /* Build configuration list for PBXNativeTarget "OpenRegistration" */ = {
			isa = XCConfigurationList;
			buildConfigurations = (
				84C22DB41AA6E02300D084B2 /* Debug */,
				84C22DB51AA6E02300D084B2 /* Release */,
			);
			defaultConfigurationIsVisible = 0;
			defaultConfigurationName = Release;
		};
		84C22DB61AA6E02300D084B2 /* Build configuration list for PBXNativeTarget "OpenRegistrationTests" */ = {
			isa = XCConfigurationList;
			buildConfigurations = (
				84C22DB71AA6E02300D084B2 /* Debug */,
				84C22DB81AA6E02300D084B2 /* Release */,
			);
			defaultConfigurationIsVisible = 0;
			defaultConfigurationName = Release;
		};
/* End XCConfigurationList section */
	};
	rootObject = 84C22D881AA6E02200D084B2 /* Project object */;
}
